
Microsoft Visual Studio Solution File, Format Version 9.00
# Visual Studio 2005
Project("{8BC9CEB8-8B4A-11D0-8D11-00A0C91BC942}") = "iaxclient", "iaxclient_lib.vcproj", "{9A9C003E-EAF6-4D0E-896F-E3994503C7E4}"
	ProjectSection(ProjectDependencies) = postProject
		{3B023516-2C69-4CCB-9302-239991B6EC2C} = {3B023516-2C69-4CCB-9302-239991B6EC2C}
		{BE15A94D-3766-4693-ABA8-5FBAACBBCC08} = {BE15A94D-3766-4693-ABA8-5FBAACBBCC08}
		{82C9BD79-9796-405F-8A28-3F538514AC3A} = {82C9BD79-9796-405F-8A28-3F538514AC3A}
		{3A76129B-55AB-4D54-BAA7-08F63ED52569} = {3A76129B-55AB-4D54-BAA7-08F63ED52569}
		{5CC054B7-6DAA-46BF-9A08-3B33B83E8D3E} = {5CC054B7-6DAA-46BF-9A08-3B33B83E8D3E}
	EndProjectSection
EndProject
Project("{8BC9CEB8-8B4A-11D0-8D11-00A0C91BC942}") = "gsm", "gsm\gsm.vcproj", "{82C9BD79-9796-405F-8A28-3F538514AC3A}"
EndProject
Project("{8BC9CEB8-8B4A-11D0-8D11-00A0C91BC942}") = "portaudio", "portaudio\portaudio.vcproj", "{3B023516-2C69-4CCB-9302-239991B6EC2C}"
EndProject
Project("{8BC9CEB8-8B4A-11D0-8D11-00A0C91BC942}") = "portmixer", "portmixer\winproj\portmixer.vcproj", "{3A76129B-55AB-4D54-BAA7-08F63ED52569}"
EndProject
Project("{8BC9CEB8-8B4A-11D0-8D11-00A0C91BC942}") = "libiax2", "libiax2\libiax2.vcproj", "{5CC054B7-6DAA-46BF-9A08-3B33B83E8D3E}"
EndProject
Project("{8BC9CEB8-8B4A-11D0-8D11-00A0C91BC942}") = "videoLib", "videoLib\videoLib.vcproj", "{BE15A94D-3766-4693-ABA8-5FBAACBBCC08}"
EndProject
Project("{8BC9CEB8-8B4A-11D0-8D11-00A0C91BC942}") = "vtestcall", "..\simpleclient\vtestcall\vtestcall.vcproj", "{B5F8E725-85A8-4CB1-8824-B82127BB2B1E}"
	ProjectSection(ProjectDependencies) = postProject
		{3B023516-2C69-4CCB-9302-239991B6EC2C} = {3B023516-2C69-4CCB-9302-239991B6EC2C}
		{9A9C003E-EAF6-4D0E-896F-E3994503C7E4} = {9A9C003E-EAF6-4D0E-896F-E3994503C7E4}
		{BE15A94D-3766-4693-ABA8-5FBAACBBCC08} = {BE15A94D-3766-4693-ABA8-5FBAACBBCC08}
		{82C9BD79-9796-405F-8A28-3F538514AC3A} = {82C9BD79-9796-405F-8A28-3F538514AC3A}
		{3A76129B-55AB-4D54-BAA7-08F63ED52569} = {3A76129B-55AB-4D54-BAA7-08F63ED52569}
		{5CC054B7-6DAA-46BF-9A08-3B33B83E8D3E} = {5CC054B7-6DAA-46BF-9A08-3B33B83E8D3E}
	EndProjectSection
EndProject
Project("{8BC9CEB8-8B4A-11D0-8D11-00A0C91BC942}") = "testcall", "..\simpleclient\testcall\testcall.vcproj", "{6F5AEE93-BA87-465B-BC75-C41C434FC4E4}"
	ProjectSection(ProjectDependencies) = postProject
		{3B023516-2C69-4CCB-9302-239991B6EC2C} = {3B023516-2C69-4CCB-9302-239991B6EC2C}
		{9A9C003E-EAF6-4D0E-896F-E3994503C7E4} = {9A9C003E-EAF6-4D0E-896F-E3994503C7E4}
		{BE15A94D-3766-4693-ABA8-5FBAACBBCC08} = {BE15A94D-3766-4693-ABA8-5FBAACBBCC08}
		{82C9BD79-9796-405F-8A28-3F538514AC3A} = {82C9BD79-9796-405F-8A28-3F538514AC3A}
		{3A76129B-55AB-4D54-BAA7-08F63ED52569} = {3A76129B-55AB-4D54-BAA7-08F63ED52569}
		{5CC054B7-6DAA-46BF-9A08-3B33B83E8D3E} = {5CC054B7-6DAA-46BF-9A08-3B33B83E8D3E}
	EndProjectSection
EndProject
Global
	GlobalSection(SolutionConfigurationPlatforms) = preSolution
		Debug|Win32 = Debug|Win32
		Release|Win32 = Release|Win32
		Unicode_Debug|Win32 = Unicode_Debug|Win32
	EndGlobalSection
	GlobalSection(ProjectConfigurationPlatforms) = postSolution
		{9A9C003E-EAF6-4D0E-896F-E3994503C7E4}.Debug|Win32.ActiveCfg = Debug|Win32
		{9A9C003E-EAF6-4D0E-896F-E3994503C7E4}.Debug|Win32.Build.0 = Debug|Win32
		{9A9C003E-EAF6-4D0E-896F-E3994503C7E4}.Release|Win32.ActiveCfg = Release|Win32
		{9A9C003E-EAF6-4D0E-896F-E3994503C7E4}.Release|Win32.Build.0 = Release|Win32
		{9A9C003E-EAF6-4D0E-896F-E3994503C7E4}.Unicode_Debug|Win32.ActiveCfg = Debug|Win32
		{9A9C003E-EAF6-4D0E-896F-E3994503C7E4}.Unicode_Debug|Win32.Build.0 = Debug|Win32
		{82C9BD79-9796-405F-8A28-3F538514AC3A}.Debug|Win32.ActiveCfg = Debug|Win32
		{82C9BD79-9796-405F-8A28-3F538514AC3A}.Debug|Win32.Build.0 = Debug|Win32
		{82C9BD79-9796-405F-8A28-3F538514AC3A}.Release|Win32.ActiveCfg = Release|Win32
		{82C9BD79-9796-405F-8A28-3F538514AC3A}.Release|Win32.Build.0 = Release|Win32
		{82C9BD79-9796-405F-8A28-3F538514AC3A}.Unicode_Debug|Win32.ActiveCfg = Debug|Win32
		{82C9BD79-9796-405F-8A28-3F538514AC3A}.Unicode_Debug|Win32.Build.0 = Debug|Win32
		{3B023516-2C69-4CCB-9302-239991B6EC2C}.Debug|Win32.ActiveCfg = Debug|Win32
		{3B023516-2C69-4CCB-9302-239991B6EC2C}.Debug|Win32.Build.0 = Debug|Win32
		{3B023516-2C69-4CCB-9302-239991B6EC2C}.Release|Win32.ActiveCfg = Release|Win32
		{3B023516-2C69-4CCB-9302-239991B6EC2C}.Release|Win32.Build.0 = Release|Win32
		{3B023516-2C69-4CCB-9302-239991B6EC2C}.Unicode_Debug|Win32.ActiveCfg = Debug|Win32
		{3B023516-2C69-4CCB-9302-239991B6EC2C}.Unicode_Debug|Win32.Build.0 = Debug|Win32
		{3A76129B-55AB-4D54-BAA7-08F63ED52569}.Debug|Win32.ActiveCfg = Debug|Win32
		{3A76129B-55AB-4D54-BAA7-08F63ED52569}.Debug|Win32.Build.0 = Debug|Win32
		{3A76129B-55AB-4D54-BAA7-08F63ED52569}.Release|Win32.ActiveCfg = Release|Win32
		{3A76129B-55AB-4D54-BAA7-08F63ED52569}.Release|Win32.Build.0 = Release|Win32
		{3A76129B-55AB-4D54-BAA7-08F63ED52569}.Unicode_Debug|Win32.ActiveCfg = Unicode_Debug|Win32
		{3A76129B-55AB-4D54-BAA7-08F63ED52569}.Unicode_Debug|Win32.Build.0 = Unicode_Debug|Win32
		{5CC054B7-6DAA-46BF-9A08-3B33B83E8D3E}.Debug|Win32.ActiveCfg = Debug|Win32
		{5CC054B7-6DAA-46BF-9A08-3B33B83E8D3E}.Debug|Win32.Build.0 = Debug|Win32
		{5CC054B7-6DAA-46BF-9A08-3B33B83E8D3E}.Release|Win32.ActiveCfg = Release|Win32
		{5CC054B7-6DAA-46BF-9A08-3B33B83E8D3E}.Release|Win32.Build.0 = Release|Win32
		{5CC054B7-6DAA-46BF-9A08-3B33B83E8D3E}.Unicode_Debug|Win32.ActiveCfg = Debug|Win32
		{5CC054B7-6DAA-46BF-9A08-3B33B83E8D3E}.Unicode_Debug|Win32.Build.0 = Debug|Win32
		{BE15A94D-3766-4693-ABA8-5FBAACBBCC08}.Debug|Win32.ActiveCfg = Debug|Win32
		{BE15A94D-3766-4693-ABA8-5FBAACBBCC08}.Debug|Win32.Build.0 = Debug|Win32
		{BE15A94D-3766-4693-ABA8-5FBAACBBCC08}.Release|Win32.ActiveCfg = Release|Win32
		{BE15A94D-3766-4693-ABA8-5FBAACBBCC08}.Release|Win32.Build.0 = Release|Win32
		{BE15A94D-3766-4693-ABA8-5FBAACBBCC08}.Unicode_Debug|Win32.ActiveCfg = Debug|Win32
		{BE15A94D-3766-4693-ABA8-5FBAACBBCC08}.Unicode_Debug|Win32.Build.0 = Debug|Win32
		{B5F8E725-85A8-4CB1-8824-B82127BB2B1E}.Debug|Win32.ActiveCfg = Debug|Win32
		{B5F8E725-85A8-4CB1-8824-B82127BB2B1E}.Release|Win32.ActiveCfg = Release|Win32
		{B5F8E725-85A8-4CB1-8824-B82127BB2B1E}.Unicode_Debug|Win32.ActiveCfg = Debug|Win32
		{B5F8E725-85A8-4CB1-8824-B82127BB2B1E}.Unicode_Debug|Win32.Build.0 = Debug|Win32
		{6F5AEE93-BA87-465B-BC75-C41C434FC4E4}.Debug|Win32.ActiveCfg = Debug|Win32
		{6F5AEE93-BA87-465B-BC75-C41C434FC4E4}.Release|Win32.ActiveCfg = Release|Win32
		{6F5AEE93-BA87-465B-BC75-C41C434FC4E4}.Unicode_Debug|Win32.ActiveCfg = Debug|Win32
		{6F5AEE93-BA87-465B-BC75-C41C434FC4E4}.Unicode_Debug|Win32.Build.0 = Debug|Win32
	EndGlobalSection
	GlobalSection(SolutionProperties) = preSolution
		HideSolutionNode = FALSE
	EndGlobalSection
EndGlobal
